
Microsoft Visual Studio Solution File, Format Version 12.00
Project("{FAE04EC0-301F-11D3-BF4B-00C04F79EFBC}") = "iStringLite2DRenderer", "iStringLite2DRenderer\iStringLite2DRenderer.csproj", "{0897C61D-AF20-4E6B-8BF4-2BD3229394AD}"
EndProject
Global
	GlobalSection(SolutionConfigurationPlatforms) = preSolution
		Debug|Any CPU = Debug|Any CPU
		Release|Any CPU = Release|Any CPU
	EndGlobalSection
	GlobalSection(ProjectConfigurationPlatforms) = postSolution
		{0897C61D-AF20-4E6B-8BF4-2BD3229394AD}.Debug|Any CPU.ActiveCfg = Debug|Any CPU
		{0897C61D-AF20-4E6B-8BF4-2BD3229394AD}.Debug|Any CPU.Build.0 = Debug|Any CPU
		{0897C61D-AF20-4E6B-8BF4-2BD3229394AD}.Release|Any CPU.ActiveCfg = Release|Any CPU
		{0897C61D-AF20-4E6B-8BF4-2BD3229394AD}.Release|Any CPU.Build.0 = Release|Any CPU
	EndGlobalSection
EndGlobal
